{
  "version": 4,
  "terraform_version": "1.2.7",
  "serial": 157,
  "lineage": "22303b57-e31e-0c73-26bf-1e5535920839",
  "outputs": {
    "full_machine_name": {
      "value": "ubuntu-02-lrkkty.eastus.cloudapp.azure.com",
      "type": "string"
    },
    "name_suffix": {
      "value": "ubuntu-02-dev-eastus",
      "type": "string"
    },
    "private_ip": {
      "value": "10.0.1.4",
      "type": "string"
    },
    "public_ip": {
      "value": "20.232.36.253",
      "type": "string"
    },
    "resource_group_name": {
      "value": "rg-ubuntu-02-dev-eastus",
      "type": "string"
    },
    "vm_admin_user": {
      "value": "azureuser",
      "type": "string"
    }
  },
  "resources": [
    {
      "mode": "managed",
      "type": "azurerm_linux_virtual_machine",
      "name": "tfub_vm",
      "provider": "provider[\"registry.terraform.io/hashicorp/azurerm\"]",
      "instances": [
        {
          "schema_version": 0,
          "attributes": {
            "additional_capabilities": [],
            "admin_password": null,
            "admin_ssh_key": [
              {
                "public_key": "ssh-rsa AAAAB3NzaC1yc2EAAAADAQABAAABgQCU0lWQ2MFIxr5xpHRKEzdOK1ZL5Q0/7O6UWraGrYEWIVGMH7ho/tOfF99ZdKK6VZ9T/jvnphrUrDE4JUMHoQIpHfIYJhUxqR9yGGxm7zTa1DR17t/0n42+kk+LsaoQZU7pYtoqBLu1OtZe8oweHs0HmoMP4wNbQ83O0TJBI1beSCin3TdHStO3+C0svKQG6YlsXEM+FyLrS4fNYPj1KJ/paPsgOx0nl26SJuriDGvlCYsPz0uiisvIYYE93sKPLjzMhnYMW0nJFzyOx5U3iIu2YP1mXyQfKsRXYafcMYg9GmFsq7dfca5Qi8jt8tLr0PI9vjCntbDEPfHIAPTf67ib7mnWp3cTHOR9KB3W/606m1h9oQlokipSQjeMJ/K/IbtQa67k1NtL3bSkJcjWe6WYctDlz69C9UTWmBsZKAv1TmtxoHIvYfHRaTpQS4uH2wdaH01HxSssLMgXorRnapsH0ifHtmWYG3m8V0yNzk3DgcbJSrNdU20COG2s9YNX35E= rafa@rp3\n",
                "username": "azureuser"
              }
            ],
            "admin_username": "azureuser",
            "allow_extension_operations": true,
            "availability_set_id": "",
            "boot_diagnostics": [],
            "capacity_reservation_group_id": "",
            "computer_name": "ubuntu-02-lrkkty",
            "custom_data": null,
            "dedicated_host_group_id": "",
            "dedicated_host_id": "",
            "disable_password_authentication": true,
            "edge_zone": "",
            "encryption_at_host_enabled": false,
            "eviction_policy": "",
            "extensions_time_budget": "PT1H30M",
            "id": "/subscriptions/a1e01a15-61aa-4f25-aa66-6d6e8a913dc3/resourceGroups/rg-ubuntu-02-dev-eastus/providers/Microsoft.Compute/virtualMachines/vm-ubuntu-02-dev-eastus",
            "identity": [],
            "license_type": "",
            "location": "eastus",
            "max_bid_price": -1,
            "name": "vm-ubuntu-02-dev-eastus",
            "network_interface_ids": [
              "/subscriptions/a1e01a15-61aa-4f25-aa66-6d6e8a913dc3/resourceGroups/rg-ubuntu-02-dev-eastus/providers/Microsoft.Network/networkInterfaces/nic-ubuntu-02-dev-eastus"
            ],
            "os_disk": [
              {
                "caching": "ReadWrite",
                "diff_disk_settings": [],
                "disk_encryption_set_id": "",
                "disk_size_gb": 30,
                "name": "osd-ubuntu-02-dev-eastus",
                "secure_vm_disk_encryption_set_id": "",
                "security_encryption_type": "",
                "storage_account_type": "Standard_LRS",
                "write_accelerator_enabled": false
              }
            ],
            "patch_mode": "ImageDefault",
            "plan": [],
            "platform_fault_domain": -1,
            "priority": "Regular",
            "private_ip_address": "10.0.1.4",
            "private_ip_addresses": [
              "10.0.1.4"
            ],
            "provision_vm_agent": true,
            "proximity_placement_group_id": "",
            "public_ip_address": "20.232.36.253",
            "public_ip_addresses": [
              "20.232.36.253"
            ],
            "resource_group_name": "rg-ubuntu-02-dev-eastus",
            "secret": [],
            "secure_boot_enabled": false,
            "size": "Standard_DS1_v2",
            "source_image_id": "",
            "source_image_reference": [
              {
                "offer": "UbuntuServer",
                "publisher": "Canonical",
                "sku": "18.04-LTS",
                "version": "latest"
              }
            ],
            "tags": {
              "ApplicationName": "ubuntu-02",
              "CostCenter": "PI-31416",
              "Env": "dev",
              "Source": "terraform"
            },
            "termination_notification": [],
            "timeouts": null,
            "user_data": "",
            "virtual_machine_id": "471fd750-5df4-403a-ba2f-927681279a34",
            "virtual_machine_scale_set_id": "",
            "vtpm_enabled": false,
            "zone": ""
          },
          "sensitive_attributes": [],
          "private": "eyJlMmJmYjczMC1lY2FhLTExZTYtOGY4OC0zNDM2M2JjN2M0YzAiOnsiY3JlYXRlIjoyNzAwMDAwMDAwMDAwLCJkZWxldGUiOjI3MDAwMDAwMDAwMDAsInJlYWQiOjMwMDAwMDAwMDAwMCwidXBkYXRlIjoyNzAwMDAwMDAwMDAwfX0=",
          "dependencies": [
            "azurerm_network_interface.tfub_nic",
            "azurerm_network_interface_security_group_association.example",
            "azurerm_network_security_group.tfub_nsg",
            "azurerm_public_ip.tfub_publicip",
            "azurerm_resource_group.rg",
            "azurerm_subnet.tfub_subnet",
            "azurerm_virtual_network.tfub_network",
            "random_string.rnd"
          ]
        }
      ]
    },
    {
      "mode": "managed",
      "type": "azurerm_network_interface",
      "name": "tfub_nic",
      "provider": "provider[\"registry.terraform.io/hashicorp/azurerm\"]",
      "instances": [
        {
          "schema_version": 0,
          "attributes": {
            "applied_dns_servers": [],
            "dns_servers": [],
            "edge_zone": "",
            "enable_accelerated_networking": false,
            "enable_ip_forwarding": false,
            "id": "/subscriptions/a1e01a15-61aa-4f25-aa66-6d6e8a913dc3/resourceGroups/rg-ubuntu-02-dev-eastus/providers/Microsoft.Network/networkInterfaces/nic-ubuntu-02-dev-eastus",
            "internal_dns_name_label": "",
            "internal_domain_name_suffix": "drd5ev0hb21u3afphdr1fztyxf.bx.internal.cloudapp.net",
            "ip_configuration": [
              {
                "gateway_load_balancer_frontend_ip_configuration_id": "",
                "name": "NicConfig",
                "primary": true,
                "private_ip_address": "10.0.1.4",
                "private_ip_address_allocation": "Dynamic",
                "private_ip_address_version": "IPv4",
                "public_ip_address_id": "/subscriptions/a1e01a15-61aa-4f25-aa66-6d6e8a913dc3/resourceGroups/rg-ubuntu-02-dev-eastus/providers/Microsoft.Network/publicIPAddresses/pip-ubuntu-02-dev-eastus",
                "subnet_id": "/subscriptions/a1e01a15-61aa-4f25-aa66-6d6e8a913dc3/resourceGroups/rg-ubuntu-02-dev-eastus/providers/Microsoft.Network/virtualNetworks/vnet-ubuntu-02-dev-eastus/subnets/snet-ubuntu-02-dev-eastus"
              }
            ],
            "location": "eastus",
            "mac_address": "00-22-48-1F-B4-9F",
            "name": "nic-ubuntu-02-dev-eastus",
            "private_ip_address": "10.0.1.4",
            "private_ip_addresses": [
              "10.0.1.4"
            ],
            "resource_group_name": "rg-ubuntu-02-dev-eastus",
            "tags": {
              "ApplicationName": "ubuntu-02",
              "CostCenter": "PI-31416",
              "Env": "dev",
              "Source": "terraform"
            },
            "timeouts": null,
            "virtual_machine_id": "/subscriptions/a1e01a15-61aa-4f25-aa66-6d6e8a913dc3/resourceGroups/rg-ubuntu-02-dev-eastus/providers/Microsoft.Compute/virtualMachines/vm-ubuntu-02-dev-eastus"
          },
          "sensitive_attributes": [],
          "private": "eyJlMmJmYjczMC1lY2FhLTExZTYtOGY4OC0zNDM2M2JjN2M0YzAiOnsiY3JlYXRlIjoxODAwMDAwMDAwMDAwLCJkZWxldGUiOjE4MDAwMDAwMDAwMDAsInJlYWQiOjMwMDAwMDAwMDAwMCwidXBkYXRlIjoxODAwMDAwMDAwMDAwfX0=",
          "dependencies": [
            "azurerm_public_ip.tfub_publicip",
            "azurerm_resource_group.rg",
            "azurerm_subnet.tfub_subnet",
            "azurerm_virtual_network.tfub_network",
            "random_string.rnd"
          ]
        }
      ]
    },
    {
      "mode": "managed",
      "type": "azurerm_network_interface_security_group_association",
      "name": "example",
      "provider": "provider[\"registry.terraform.io/hashicorp/azurerm\"]",
      "instances": [
        {
          "schema_version": 0,
          "attributes": {
            "id": "/subscriptions/a1e01a15-61aa-4f25-aa66-6d6e8a913dc3/resourceGroups/rg-ubuntu-02-dev-eastus/providers/Microsoft.Network/networkInterfaces/nic-ubuntu-02-dev-eastus|/subscriptions/a1e01a15-61aa-4f25-aa66-6d6e8a913dc3/resourceGroups/rg-ubuntu-02-dev-eastus/providers/Microsoft.Network/networkSecurityGroups/nsg-ubuntu-02-dev-eastus",
            "network_interface_id": "/subscriptions/a1e01a15-61aa-4f25-aa66-6d6e8a913dc3/resourceGroups/rg-ubuntu-02-dev-eastus/providers/Microsoft.Network/networkInterfaces/nic-ubuntu-02-dev-eastus",
            "network_security_group_id": "/subscriptions/a1e01a15-61aa-4f25-aa66-6d6e8a913dc3/resourceGroups/rg-ubuntu-02-dev-eastus/providers/Microsoft.Network/networkSecurityGroups/nsg-ubuntu-02-dev-eastus",
            "timeouts": null
          },
          "sensitive_attributes": [],
          "private": "eyJlMmJmYjczMC1lY2FhLTExZTYtOGY4OC0zNDM2M2JjN2M0YzAiOnsiY3JlYXRlIjoxODAwMDAwMDAwMDAwLCJkZWxldGUiOjE4MDAwMDAwMDAwMDAsInJlYWQiOjMwMDAwMDAwMDAwMCwidXBkYXRlIjoxODAwMDAwMDAwMDAwfX0=",
          "dependencies": [
            "azurerm_network_interface.tfub_nic",
            "azurerm_network_security_group.tfub_nsg",
            "azurerm_public_ip.tfub_publicip",
            "azurerm_resource_group.rg",
            "azurerm_subnet.tfub_subnet",
            "azurerm_virtual_network.tfub_network",
            "random_string.rnd"
          ]
        }
      ]
    },
    {
      "mode": "managed",
      "type": "azurerm_network_security_group",
      "name": "tfub_nsg",
      "provider": "provider[\"registry.terraform.io/hashicorp/azurerm\"]",
      "instances": [
        {
          "schema_version": 0,
          "attributes": {
            "id": "/subscriptions/a1e01a15-61aa-4f25-aa66-6d6e8a913dc3/resourceGroups/rg-ubuntu-02-dev-eastus/providers/Microsoft.Network/networkSecurityGroups/nsg-ubuntu-02-dev-eastus",
            "location": "eastus",
            "name": "nsg-ubuntu-02-dev-eastus",
            "resource_group_name": "rg-ubuntu-02-dev-eastus",
            "security_rule": [
              {
                "access": "Allow",
                "description": "",
                "destination_address_prefix": "*",
                "destination_address_prefixes": [],
                "destination_application_security_group_ids": [],
                "destination_port_range": "*",
                "destination_port_ranges": [],
                "direction": "Inbound",
                "name": "nsgr-icmp",
                "priority": 1102,
                "protocol": "Icmp",
                "source_address_prefix": "*",
                "source_address_prefixes": [],
                "source_application_security_group_ids": [],
                "source_port_range": "*",
                "source_port_ranges": []
              },
              {
                "access": "Allow",
                "description": "",
                "destination_address_prefix": "*",
                "destination_address_prefixes": [],
                "destination_application_security_group_ids": [],
                "destination_port_range": "22",
                "destination_port_ranges": [],
                "direction": "Inbound",
                "name": "nsgr-SSH",
                "priority": 1002,
                "protocol": "Tcp",
                "source_address_prefix": "*",
                "source_address_prefixes": [],
                "source_application_security_group_ids": [],
                "source_port_range": "*",
                "source_port_ranges": []
              }
            ],
            "tags": {
              "ApplicationName": "ubuntu-02",
              "CostCenter": "PI-31416",
              "Env": "dev",
              "Source": "terraform"
            },
            "timeouts": null
          },
          "sensitive_attributes": [],
          "private": "eyJlMmJmYjczMC1lY2FhLTExZTYtOGY4OC0zNDM2M2JjN2M0YzAiOnsiY3JlYXRlIjoxODAwMDAwMDAwMDAwLCJkZWxldGUiOjE4MDAwMDAwMDAwMDAsInJlYWQiOjMwMDAwMDAwMDAwMCwidXBkYXRlIjoxODAwMDAwMDAwMDAwfX0=",
          "dependencies": [
            "azurerm_resource_group.rg"
          ]
        }
      ]
    },
    {
      "mode": "managed",
      "type": "azurerm_network_security_rule",
      "name": "icmp",
      "provider": "provider[\"registry.terraform.io/hashicorp/azurerm\"]",
      "instances": [
        {
          "schema_version": 0,
          "attributes": {
            "access": "Allow",
            "description": "",
            "destination_address_prefix": "*",
            "destination_address_prefixes": [],
            "destination_application_security_group_ids": [],
            "destination_port_range": "*",
            "destination_port_ranges": [],
            "direction": "Inbound",
            "id": "/subscriptions/a1e01a15-61aa-4f25-aa66-6d6e8a913dc3/resourceGroups/rg-ubuntu-02-dev-eastus/providers/Microsoft.Network/networkSecurityGroups/nsg-ubuntu-02-dev-eastus/securityRules/nsgr-icmp",
            "name": "nsgr-icmp",
            "network_security_group_name": "nsg-ubuntu-02-dev-eastus",
            "priority": 1102,
            "protocol": "Icmp",
            "resource_group_name": "rg-ubuntu-02-dev-eastus",
            "source_address_prefix": "*",
            "source_address_prefixes": [],
            "source_application_security_group_ids": [],
            "source_port_range": "*",
            "source_port_ranges": [],
            "timeouts": null
          },
          "sensitive_attributes": [],
          "private": "eyJlMmJmYjczMC1lY2FhLTExZTYtOGY4OC0zNDM2M2JjN2M0YzAiOnsiY3JlYXRlIjoxODAwMDAwMDAwMDAwLCJkZWxldGUiOjE4MDAwMDAwMDAwMDAsInJlYWQiOjMwMDAwMDAwMDAwMCwidXBkYXRlIjoxODAwMDAwMDAwMDAwfX0=",
          "dependencies": [
            "azurerm_network_security_group.tfub_nsg",
            "azurerm_resource_group.rg"
          ]
        }
      ]
    },
    {
      "mode": "managed",
      "type": "azurerm_network_security_rule",
      "name": "ssh",
      "provider": "provider[\"registry.terraform.io/hashicorp/azurerm\"]",
      "instances": [
        {
          "schema_version": 0,
          "attributes": {
            "access": "Allow",
            "description": "",
            "destination_address_prefix": "*",
            "destination_address_prefixes": [],
            "destination_application_security_group_ids": [],
            "destination_port_range": "22",
            "destination_port_ranges": [],
            "direction": "Inbound",
            "id": "/subscriptions/a1e01a15-61aa-4f25-aa66-6d6e8a913dc3/resourceGroups/rg-ubuntu-02-dev-eastus/providers/Microsoft.Network/networkSecurityGroups/nsg-ubuntu-02-dev-eastus/securityRules/nsgr-SSH",
            "name": "nsgr-SSH",
            "network_security_group_name": "nsg-ubuntu-02-dev-eastus",
            "priority": 1002,
            "protocol": "Tcp",
            "resource_group_name": "rg-ubuntu-02-dev-eastus",
            "source_address_prefix": "*",
            "source_address_prefixes": [],
            "source_application_security_group_ids": [],
            "source_port_range": "*",
            "source_port_ranges": [],
            "timeouts": null
          },
          "sensitive_attributes": [],
          "private": "eyJlMmJmYjczMC1lY2FhLTExZTYtOGY4OC0zNDM2M2JjN2M0YzAiOnsiY3JlYXRlIjoxODAwMDAwMDAwMDAwLCJkZWxldGUiOjE4MDAwMDAwMDAwMDAsInJlYWQiOjMwMDAwMDAwMDAwMCwidXBkYXRlIjoxODAwMDAwMDAwMDAwfX0=",
          "dependencies": [
            "azurerm_network_security_group.tfub_nsg",
            "azurerm_resource_group.rg"
          ]
        }
      ]
    },
    {
      "mode": "managed",
      "type": "azurerm_public_ip",
      "name": "tfub_publicip",
      "provider": "provider[\"registry.terraform.io/hashicorp/azurerm\"]",
      "instances": [
        {
          "schema_version": 0,
          "attributes": {
            "allocation_method": "Dynamic",
            "domain_name_label": "ubuntu-02-lrkkty",
            "edge_zone": "",
            "fqdn": "ubuntu-02-lrkkty.eastus.cloudapp.azure.com",
            "id": "/subscriptions/a1e01a15-61aa-4f25-aa66-6d6e8a913dc3/resourceGroups/rg-ubuntu-02-dev-eastus/providers/Microsoft.Network/publicIPAddresses/pip-ubuntu-02-dev-eastus",
            "idle_timeout_in_minutes": 4,
            "ip_address": "20.232.36.253",
            "ip_tags": {},
            "ip_version": "IPv4",
            "location": "eastus",
            "name": "pip-ubuntu-02-dev-eastus",
            "public_ip_prefix_id": null,
            "resource_group_name": "rg-ubuntu-02-dev-eastus",
            "reverse_fqdn": "",
            "sku": "Basic",
            "sku_tier": "Regional",
            "tags": {
              "ApplicationName": "ubuntu-02",
              "CostCenter": "PI-31416",
              "Env": "dev",
              "Source": "terraform"
            },
            "timeouts": null,
            "zones": []
          },
          "sensitive_attributes": [],
          "private": "eyJlMmJmYjczMC1lY2FhLTExZTYtOGY4OC0zNDM2M2JjN2M0YzAiOnsiY3JlYXRlIjoxODAwMDAwMDAwMDAwLCJkZWxldGUiOjE4MDAwMDAwMDAwMDAsInJlYWQiOjMwMDAwMDAwMDAwMCwidXBkYXRlIjoxODAwMDAwMDAwMDAwfX0=",
          "dependencies": [
            "azurerm_resource_group.rg",
            "random_string.rnd"
          ]
        }
      ]
    },
    {
      "mode": "managed",
      "type": "azurerm_resource_group",
      "name": "rg",
      "provider": "provider[\"registry.terraform.io/hashicorp/azurerm\"]",
      "instances": [
        {
          "schema_version": 0,
          "attributes": {
            "id": "/subscriptions/a1e01a15-61aa-4f25-aa66-6d6e8a913dc3/resourceGroups/rg-ubuntu-02-dev-eastus",
            "location": "eastus",
            "name": "rg-ubuntu-02-dev-eastus",
            "tags": {
              "ApplicationName": "ubuntu-02",
              "CostCenter": "PI-31416",
              "Env": "dev",
              "Source": "terraform"
            },
            "timeouts": null
          },
          "sensitive_attributes": [],
          "private": "eyJlMmJmYjczMC1lY2FhLTExZTYtOGY4OC0zNDM2M2JjN2M0YzAiOnsiY3JlYXRlIjo1NDAwMDAwMDAwMDAwLCJkZWxldGUiOjU0MDAwMDAwMDAwMDAsInJlYWQiOjMwMDAwMDAwMDAwMCwidXBkYXRlIjo1NDAwMDAwMDAwMDAwfX0="
        }
      ]
    },
    {
      "mode": "managed",
      "type": "azurerm_subnet",
      "name": "tfub_subnet",
      "provider": "provider[\"registry.terraform.io/hashicorp/azurerm\"]",
      "instances": [
        {
          "schema_version": 0,
          "attributes": {
            "address_prefixes": [
              "10.0.1.0/24"
            ],
            "delegation": [],
            "enforce_private_link_endpoint_network_policies": false,
            "enforce_private_link_service_network_policies": false,
            "id": "/subscriptions/a1e01a15-61aa-4f25-aa66-6d6e8a913dc3/resourceGroups/rg-ubuntu-02-dev-eastus/providers/Microsoft.Network/virtualNetworks/vnet-ubuntu-02-dev-eastus/subnets/snet-ubuntu-02-dev-eastus",
            "name": "snet-ubuntu-02-dev-eastus",
            "private_endpoint_network_policies_enabled": true,
            "private_link_service_network_policies_enabled": true,
            "resource_group_name": "rg-ubuntu-02-dev-eastus",
            "service_endpoint_policy_ids": [],
            "service_endpoints": [],
            "timeouts": null,
            "virtual_network_name": "vnet-ubuntu-02-dev-eastus"
          },
          "sensitive_attributes": [],
          "private": "eyJlMmJmYjczMC1lY2FhLTExZTYtOGY4OC0zNDM2M2JjN2M0YzAiOnsiY3JlYXRlIjoxODAwMDAwMDAwMDAwLCJkZWxldGUiOjE4MDAwMDAwMDAwMDAsInJlYWQiOjMwMDAwMDAwMDAwMCwidXBkYXRlIjoxODAwMDAwMDAwMDAwfX0=",
          "dependencies": [
            "azurerm_resource_group.rg",
            "azurerm_virtual_network.tfub_network"
          ]
        }
      ]
    },
    {
      "mode": "managed",
      "type": "azurerm_virtual_network",
      "name": "tfub_network",
      "provider": "provider[\"registry.terraform.io/hashicorp/azurerm\"]",
      "instances": [
        {
          "schema_version": 0,
          "attributes": {
            "address_space": [
              "10.0.0.0/16"
            ],
            "bgp_community": "",
            "ddos_protection_plan": [],
            "dns_servers": [],
            "edge_zone": "",
            "flow_timeout_in_minutes": 0,
            "guid": "57f2471c-0f47-4e37-80af-38e3b2e678bd",
            "id": "/subscriptions/a1e01a15-61aa-4f25-aa66-6d6e8a913dc3/resourceGroups/rg-ubuntu-02-dev-eastus/providers/Microsoft.Network/virtualNetworks/vnet-ubuntu-02-dev-eastus",
            "location": "eastus",
            "name": "vnet-ubuntu-02-dev-eastus",
            "resource_group_name": "rg-ubuntu-02-dev-eastus",
            "subnet": [
              {
                "address_prefix": "10.0.1.0/24",
                "id": "/subscriptions/a1e01a15-61aa-4f25-aa66-6d6e8a913dc3/resourceGroups/rg-ubuntu-02-dev-eastus/providers/Microsoft.Network/virtualNetworks/vnet-ubuntu-02-dev-eastus/subnets/snet-ubuntu-02-dev-eastus",
                "name": "snet-ubuntu-02-dev-eastus",
                "security_group": ""
              }
            ],
            "tags": {
              "ApplicationName": "ubuntu-02",
              "CostCenter": "PI-31416",
              "Env": "dev",
              "Source": "terraform"
            },
            "timeouts": null
          },
          "sensitive_attributes": [],
          "private": "eyJlMmJmYjczMC1lY2FhLTExZTYtOGY4OC0zNDM2M2JjN2M0YzAiOnsiY3JlYXRlIjoxODAwMDAwMDAwMDAwLCJkZWxldGUiOjE4MDAwMDAwMDAwMDAsInJlYWQiOjMwMDAwMDAwMDAwMCwidXBkYXRlIjoxODAwMDAwMDAwMDAwfX0=",
          "dependencies": [
            "azurerm_resource_group.rg"
          ]
        }
      ]
    },
    {
      "mode": "managed",
      "type": "random_string",
      "name": "rnd",
      "provider": "provider[\"registry.terraform.io/hashicorp/random\"]",
      "instances": [
        {
          "schema_version": 2,
          "attributes": {
            "id": "lrkkty",
            "keepers": null,
            "length": 6,
            "lower": true,
            "min_lower": 0,
            "min_numeric": 0,
            "min_special": 0,
            "min_upper": 0,
            "number": false,
            "numeric": false,
            "override_special": null,
            "result": "lrkkty",
            "special": false,
            "upper": false
          },
          "sensitive_attributes": [],
          "private": "eyJzY2hlbWFfdmVyc2lvbiI6IjIifQ=="
        }
      ]
    }
  ]
}
