{
  "version": 4,
  "terraform_version": "1.2.7",
  "serial": 7,
  "lineage": "fa138f11-5e80-e356-43f8-61c0ea1846c5",
  "outputs": {
    "backend_rg_group_name": {
      "value": "rg-tfbackend-infra-westeurope",
      "type": "string"
    },
    "backend_storage_account_name": {
      "value": "backend91sr3",
      "type": "string"
    },
    "backend_storage_container_name": {
      "value": "stc-tfbackend-infra-westeurope",
      "type": "string"
    }
  },
  "resources": [
    {
      "mode": "managed",
      "type": "azurerm_resource_group",
      "name": "tf_backend",
      "provider": "provider[\"registry.terraform.io/hashicorp/azurerm\"]",
      "instances": [
        {
          "schema_version": 0,
          "attributes": {
            "id": "/subscriptions/a1e01a15-61aa-4f25-aa66-6d6e8a913dc3/resourceGroups/rg-tfbackend-infra-westeurope",
            "location": "westeurope",
            "name": "rg-tfbackend-infra-westeurope",
            "tags": {},
            "timeouts": {
              "create": null,
              "delete": null,
              "read": null,
              "update": null
            }
          },
          "sensitive_attributes": [],
          "private": "eyJlMmJmYjczMC1lY2FhLTExZTYtOGY4OC0zNDM2M2JjN2M0YzAiOnsiY3JlYXRlIjo1NDAwMDAwMDAwMDAwLCJkZWxldGUiOjU0MDAwMDAwMDAwMDAsInJlYWQiOjMwMDAwMDAwMDAwMCwidXBkYXRlIjo1NDAwMDAwMDAwMDAwfSwic2NoZW1hX3ZlcnNpb24iOiIwIn0="
        }
      ]
    },
    {
      "mode": "managed",
      "type": "azurerm_storage_account",
      "name": "tf_backend",
      "provider": "provider[\"registry.terraform.io/hashicorp/azurerm\"]",
      "instances": [
        {
          "schema_version": 3,
          "attributes": {
            "access_tier": "Hot",
            "account_kind": "StorageV2",
            "account_replication_type": "ZRS",
            "account_tier": "Standard",
            "allow_nested_items_to_be_public": true,
            "azure_files_authentication": [],
            "blob_properties": [
              {
                "change_feed_enabled": false,
                "change_feed_retention_in_days": 0,
                "container_delete_retention_policy": [],
                "cors_rule": [],
                "default_service_version": "",
                "delete_retention_policy": [],
                "last_access_time_enabled": false,
                "versioning_enabled": true
              }
            ],
            "cross_tenant_replication_enabled": true,
            "custom_domain": [],
            "customer_managed_key": [],
            "edge_zone": "",
            "enable_https_traffic_only": true,
            "id": "/subscriptions/a1e01a15-61aa-4f25-aa66-6d6e8a913dc3/resourceGroups/rg-tfbackend-infra-westeurope/providers/Microsoft.Storage/storageAccounts/backend91sr3",
            "identity": [],
            "infrastructure_encryption_enabled": false,
            "is_hns_enabled": false,
            "large_file_share_enabled": null,
            "location": "westeurope",
            "min_tls_version": "TLS1_2",
            "name": "backend91sr3",
            "network_rules": [
              {
                "bypass": [
                  "AzureServices"
                ],
                "default_action": "Allow",
                "ip_rules": [],
                "private_link_access": [],
                "virtual_network_subnet_ids": []
              }
            ],
            "nfsv3_enabled": false,
            "primary_access_key": "zJRItlIOEJNdNFjy4/HtbB21n12v5CyvtF58xl05Cryfx5ilk0JzHnjNFs/JKgUHThVVCFX9nxMN+AStYJb7cQ==",
            "primary_blob_connection_string": "DefaultEndpointsProtocol=https;BlobEndpoint=https://backend91sr3.blob.core.windows.net/;AccountName=backend91sr3;AccountKey=zJRItlIOEJNdNFjy4/HtbB21n12v5CyvtF58xl05Cryfx5ilk0JzHnjNFs/JKgUHThVVCFX9nxMN+AStYJb7cQ==",
            "primary_blob_endpoint": "https://backend91sr3.blob.core.windows.net/",
            "primary_blob_host": "backend91sr3.blob.core.windows.net",
            "primary_connection_string": "DefaultEndpointsProtocol=https;AccountName=backend91sr3;AccountKey=zJRItlIOEJNdNFjy4/HtbB21n12v5CyvtF58xl05Cryfx5ilk0JzHnjNFs/JKgUHThVVCFX9nxMN+AStYJb7cQ==;EndpointSuffix=core.windows.net",
            "primary_dfs_endpoint": "https://backend91sr3.dfs.core.windows.net/",
            "primary_dfs_host": "backend91sr3.dfs.core.windows.net",
            "primary_file_endpoint": "https://backend91sr3.file.core.windows.net/",
            "primary_file_host": "backend91sr3.file.core.windows.net",
            "primary_location": "westeurope",
            "primary_queue_endpoint": "https://backend91sr3.queue.core.windows.net/",
            "primary_queue_host": "backend91sr3.queue.core.windows.net",
            "primary_table_endpoint": "https://backend91sr3.table.core.windows.net/",
            "primary_table_host": "backend91sr3.table.core.windows.net",
            "primary_web_endpoint": "https://backend91sr3.z6.web.core.windows.net/",
            "primary_web_host": "backend91sr3.z6.web.core.windows.net",
            "queue_encryption_key_type": "Service",
            "queue_properties": [
              {
                "cors_rule": [],
                "hour_metrics": [
                  {
                    "enabled": true,
                    "include_apis": true,
                    "retention_policy_days": 7,
                    "version": "1.0"
                  }
                ],
                "logging": [
                  {
                    "delete": false,
                    "read": false,
                    "retention_policy_days": 0,
                    "version": "1.0",
                    "write": false
                  }
                ],
                "minute_metrics": [
                  {
                    "enabled": false,
                    "include_apis": false,
                    "retention_policy_days": 0,
                    "version": "1.0"
                  }
                ]
              }
            ],
            "resource_group_name": "rg-tfbackend-infra-westeurope",
            "routing": [],
            "secondary_access_key": "l/9NEUQ3CSMGL5NZyXmzlyAQkfM6QTriYGq/SCiyajqquiAMYtGP04N3W6ZDPwfTM6ZIm1zcyKHG+AStXOnHaw==",
            "secondary_blob_connection_string": "",
            "secondary_blob_endpoint": null,
            "secondary_blob_host": null,
            "secondary_connection_string": "DefaultEndpointsProtocol=https;AccountName=backend91sr3;AccountKey=l/9NEUQ3CSMGL5NZyXmzlyAQkfM6QTriYGq/SCiyajqquiAMYtGP04N3W6ZDPwfTM6ZIm1zcyKHG+AStXOnHaw==;EndpointSuffix=core.windows.net",
            "secondary_dfs_endpoint": null,
            "secondary_dfs_host": null,
            "secondary_file_endpoint": null,
            "secondary_file_host": null,
            "secondary_location": "",
            "secondary_queue_endpoint": null,
            "secondary_queue_host": null,
            "secondary_table_endpoint": null,
            "secondary_table_host": null,
            "secondary_web_endpoint": null,
            "secondary_web_host": null,
            "share_properties": [
              {
                "cors_rule": [],
                "retention_policy": [
                  {
                    "days": 7
                  }
                ],
                "smb": []
              }
            ],
            "shared_access_key_enabled": true,
            "static_website": [],
            "table_encryption_key_type": "Service",
            "tags": {
              "ApplicationName": "tfbackend",
              "CostCenter": "00000",
              "Env": "infra",
              "Source": "terraform"
            },
            "timeouts": null
          },
          "sensitive_attributes": [],
          "private": "eyJlMmJmYjczMC1lY2FhLTExZTYtOGY4OC0zNDM2M2JjN2M0YzAiOnsiY3JlYXRlIjozNjAwMDAwMDAwMDAwLCJkZWxldGUiOjM2MDAwMDAwMDAwMDAsInJlYWQiOjMwMDAwMDAwMDAwMCwidXBkYXRlIjozNjAwMDAwMDAwMDAwfSwic2NoZW1hX3ZlcnNpb24iOiIzIn0=",
          "dependencies": [
            "azurerm_resource_group.tf_backend",
            "random_string.resource_code"
          ]
        }
      ]
    },
    {
      "mode": "managed",
      "type": "azurerm_storage_container",
      "name": "tf_backend",
      "provider": "provider[\"registry.terraform.io/hashicorp/azurerm\"]",
      "instances": [
        {
          "schema_version": 1,
          "attributes": {
            "container_access_type": "private",
            "has_immutability_policy": false,
            "has_legal_hold": false,
            "id": "https://backend91sr3.blob.core.windows.net/stc-tfbackend-infra-westeurope",
            "metadata": {},
            "name": "stc-tfbackend-infra-westeurope",
            "resource_manager_id": "/subscriptions/a1e01a15-61aa-4f25-aa66-6d6e8a913dc3/resourceGroups/rg-tfbackend-infra-westeurope/providers/Microsoft.Storage/storageAccounts/backend91sr3/blobServices/default/containers/stc-tfbackend-infra-westeurope",
            "storage_account_name": "backend91sr3",
            "timeouts": null
          },
          "sensitive_attributes": [],
          "private": "eyJlMmJmYjczMC1lY2FhLTExZTYtOGY4OC0zNDM2M2JjN2M0YzAiOnsiY3JlYXRlIjoxODAwMDAwMDAwMDAwLCJkZWxldGUiOjE4MDAwMDAwMDAwMDAsInJlYWQiOjMwMDAwMDAwMDAwMCwidXBkYXRlIjoxODAwMDAwMDAwMDAwfSwic2NoZW1hX3ZlcnNpb24iOiIxIn0=",
          "dependencies": [
            "azurerm_resource_group.tf_backend",
            "azurerm_storage_account.tf_backend",
            "random_string.resource_code"
          ]
        }
      ]
    },
    {
      "mode": "managed",
      "type": "random_string",
      "name": "resource_code",
      "provider": "provider[\"registry.terraform.io/hashicorp/random\"]",
      "instances": [
        {
          "schema_version": 2,
          "attributes": {
            "id": "91sr3",
            "keepers": null,
            "length": 5,
            "lower": true,
            "min_lower": 0,
            "min_numeric": 0,
            "min_special": 0,
            "min_upper": 0,
            "number": true,
            "numeric": true,
            "override_special": null,
            "result": "91sr3",
            "special": false,
            "upper": false
          },
          "sensitive_attributes": [],
          "private": "eyJzY2hlbWFfdmVyc2lvbiI6IjIifQ=="
        }
      ]
    }
  ]
}
