{
  "version": 4,
  "terraform_version": "1.2.7",
  "serial": 149,
  "lineage": "5c0d2f6d-2d49-349d-16c1-0dddf0bf4074",
  "outputs": {
    "client_config": {
      "value": {
        "client_id": "04b07795-8ddb-461a-bbee-02f9e1bf7b46",
        "id": "2022-08-20 11:53:10.060618 +0000 UTC",
        "object_id": "d20a72cd-f646-4b58-b1c9-6cc5ca58d80d",
        "subscription_id": "a1e01a15-61aa-4f25-aa66-6d6e8a913dc3",
        "tenant_id": "c1db2a3b-80ef-40a4-9ed4-8747c654f5bd",
        "timeouts": null
      },
      "type": [
        "object",
        {
          "client_id": "string",
          "id": "string",
          "object_id": "string",
          "subscription_id": "string",
          "tenant_id": "string",
          "timeouts": [
            "object",
            {
              "read": "string"
            }
          ]
        }
      ]
    },
    "draft_of_ansible_file": {
      "value": "# ansible hosts test - generated by terraform from VM info\n[az_ubuntu]\n    server-0 ansible_host=ctest27-uuizdp-0.westeurope.cloudapp.azure.com\n    server-1 ansible_host=ctest27-uuizdp-1.westeurope.cloudapp.azure.com\n    server-2 ansible_host=ctest27-uuizdp-2.westeurope.cloudapp.azure.com\n\n\n[amz_linux:vars]\nansible_user=azureuser\n\n[aws_servers:children]\n[az_ubuntu]\n",
      "type": "string"
    },
    "fqdn_pubip": {
      "value": {
        "ctest27-uuizdp-0.westeurope.cloudapp.azure.com": "20.16.0.100",
        "ctest27-uuizdp-1.westeurope.cloudapp.azure.com": "20.16.0.92",
        "ctest27-uuizdp-2.westeurope.cloudapp.azure.com": "20.16.0.211"
      },
      "type": [
        "object",
        {
          "ctest27-uuizdp-0.westeurope.cloudapp.azure.com": "string",
          "ctest27-uuizdp-1.westeurope.cloudapp.azure.com": "string",
          "ctest27-uuizdp-2.westeurope.cloudapp.azure.com": "string"
        }
      ]
    },
    "full_machine_name": {
      "value": [
        "ctest27-uuizdp-0.westeurope.cloudapp.azure.com",
        "ctest27-uuizdp-1.westeurope.cloudapp.azure.com",
        "ctest27-uuizdp-2.westeurope.cloudapp.azure.com"
      ],
      "type": [
        "tuple",
        [
          "string",
          "string",
          "string"
        ]
      ]
    },
    "name_suffix": {
      "value": "ctest27-dev-westeurope",
      "type": "string"
    },
    "private_ip": {
      "value": [
        "10.0.1.4",
        "10.0.1.6",
        "10.0.1.5"
      ],
      "type": [
        "tuple",
        [
          "string",
          "string",
          "string"
        ]
      ]
    },
    "public_ip": {
      "value": [
        "20.16.0.100",
        "20.16.0.92",
        "20.16.0.211"
      ],
      "type": [
        "tuple",
        [
          "string",
          "string",
          "string"
        ]
      ]
    },
    "resource_group_name": {
      "value": "rg-ctest27-dev-westeurope",
      "type": "string"
    }
  },
  "resources": [
    {
      "mode": "data",
      "type": "azurerm_client_config",
      "name": "current",
      "provider": "provider[\"registry.terraform.io/hashicorp/azurerm\"]",
      "instances": [
        {
          "schema_version": 0,
          "attributes": {
            "client_id": "04b07795-8ddb-461a-bbee-02f9e1bf7b46",
            "id": "2022-08-20 11:53:10.060618 +0000 UTC",
            "object_id": "d20a72cd-f646-4b58-b1c9-6cc5ca58d80d",
            "subscription_id": "a1e01a15-61aa-4f25-aa66-6d6e8a913dc3",
            "tenant_id": "c1db2a3b-80ef-40a4-9ed4-8747c654f5bd",
            "timeouts": null
          },
          "sensitive_attributes": []
        }
      ]
    },
    {
      "mode": "managed",
      "type": "azurerm_linux_virtual_machine",
      "name": "tfub_vm",
      "provider": "provider[\"registry.terraform.io/hashicorp/azurerm\"]",
      "instances": [
        {
          "index_key": 0,
          "schema_version": 0,
          "attributes": {
            "additional_capabilities": [],
            "admin_password": null,
            "admin_ssh_key": [
              {
                "public_key": "ssh-rsa AAAAB3NzaC1yc2EAAAADAQABAAABgQCU0lWQ2MFIxr5xpHRKEzdOK1ZL5Q0/7O6UWraGrYEWIVGMH7ho/tOfF99ZdKK6VZ9T/jvnphrUrDE4JUMHoQIpHfIYJhUxqR9yGGxm7zTa1DR17t/0n42+kk+LsaoQZU7pYtoqBLu1OtZe8oweHs0HmoMP4wNbQ83O0TJBI1beSCin3TdHStO3+C0svKQG6YlsXEM+FyLrS4fNYPj1KJ/paPsgOx0nl26SJuriDGvlCYsPz0uiisvIYYE93sKPLjzMhnYMW0nJFzyOx5U3iIu2YP1mXyQfKsRXYafcMYg9GmFsq7dfca5Qi8jt8tLr0PI9vjCntbDEPfHIAPTf67ib7mnWp3cTHOR9KB3W/606m1h9oQlokipSQjeMJ/K/IbtQa67k1NtL3bSkJcjWe6WYctDlz69C9UTWmBsZKAv1TmtxoHIvYfHRaTpQS4uH2wdaH01HxSssLMgXorRnapsH0ifHtmWYG3m8V0yNzk3DgcbJSrNdU20COG2s9YNX35E= rafa@rp3\n",
                "username": "azureuser"
              }
            ],
            "admin_username": "azureuser",
            "allow_extension_operations": true,
            "availability_set_id": "",
            "boot_diagnostics": [],
            "capacity_reservation_group_id": "",
            "computer_name": "ctest27-uuizdp",
            "custom_data": null,
            "dedicated_host_group_id": "",
            "dedicated_host_id": "",
            "disable_password_authentication": true,
            "edge_zone": "",
            "encryption_at_host_enabled": false,
            "eviction_policy": "",
            "extensions_time_budget": "PT1H30M",
            "id": "/subscriptions/a1e01a15-61aa-4f25-aa66-6d6e8a913dc3/resourceGroups/rg-ctest27-dev-westeurope/providers/Microsoft.Compute/virtualMachines/vm-ctest27-dev-westeurope-0",
            "identity": [],
            "license_type": "",
            "location": "westeurope",
            "max_bid_price": -1,
            "name": "vm-ctest27-dev-westeurope-0",
            "network_interface_ids": [
              "/subscriptions/a1e01a15-61aa-4f25-aa66-6d6e8a913dc3/resourceGroups/rg-ctest27-dev-westeurope/providers/Microsoft.Network/networkInterfaces/nic-ctest27-dev-westeurope-0"
            ],
            "os_disk": [
              {
                "caching": "ReadWrite",
                "diff_disk_settings": [],
                "disk_encryption_set_id": "",
                "disk_size_gb": 30,
                "name": "osd-ctest27-dev-westeurope-0",
                "secure_vm_disk_encryption_set_id": "",
                "security_encryption_type": "",
                "storage_account_type": "Standard_LRS",
                "write_accelerator_enabled": false
              }
            ],
            "patch_mode": "ImageDefault",
            "plan": [],
            "platform_fault_domain": -1,
            "priority": "Regular",
            "private_ip_address": "10.0.1.4",
            "private_ip_addresses": [
              "10.0.1.4"
            ],
            "provision_vm_agent": true,
            "proximity_placement_group_id": "",
            "public_ip_address": "20.16.0.100",
            "public_ip_addresses": [
              "20.16.0.100"
            ],
            "resource_group_name": "rg-ctest27-dev-westeurope",
            "secret": [],
            "secure_boot_enabled": false,
            "size": "Standard_DS1_v2",
            "source_image_id": "",
            "source_image_reference": [
              {
                "offer": "UbuntuServer",
                "publisher": "Canonical",
                "sku": "18.04-LTS",
                "version": "latest"
              }
            ],
            "tags": {
              "ApplicationName": "ctest27",
              "CostCenter": "PI-31416",
              "Env": "dev",
              "Source": "terraform"
            },
            "termination_notification": [],
            "timeouts": null,
            "user_data": "",
            "virtual_machine_id": "a25e7b78-72c8-45d4-80c7-91d526e0d7c1",
            "virtual_machine_scale_set_id": "",
            "vtpm_enabled": false,
            "zone": ""
          },
          "sensitive_attributes": [],
          "private": "eyJlMmJmYjczMC1lY2FhLTExZTYtOGY4OC0zNDM2M2JjN2M0YzAiOnsiY3JlYXRlIjoyNzAwMDAwMDAwMDAwLCJkZWxldGUiOjI3MDAwMDAwMDAwMDAsInJlYWQiOjMwMDAwMDAwMDAwMCwidXBkYXRlIjoyNzAwMDAwMDAwMDAwfX0=",
          "dependencies": [
            "azurerm_network_interface.tfub_nic",
            "azurerm_network_interface_security_group_association.example",
            "azurerm_network_security_group.tfub_nsg",
            "azurerm_public_ip.tfub_publicip",
            "azurerm_resource_group.rg",
            "azurerm_subnet.tfub_subnet",
            "azurerm_virtual_network.tfub_network",
            "random_string.rnd"
          ]
        },
        {
          "index_key": 1,
          "schema_version": 0,
          "attributes": {
            "additional_capabilities": [],
            "admin_password": null,
            "admin_ssh_key": [
              {
                "public_key": "ssh-rsa AAAAB3NzaC1yc2EAAAADAQABAAABgQCU0lWQ2MFIxr5xpHRKEzdOK1ZL5Q0/7O6UWraGrYEWIVGMH7ho/tOfF99ZdKK6VZ9T/jvnphrUrDE4JUMHoQIpHfIYJhUxqR9yGGxm7zTa1DR17t/0n42+kk+LsaoQZU7pYtoqBLu1OtZe8oweHs0HmoMP4wNbQ83O0TJBI1beSCin3TdHStO3+C0svKQG6YlsXEM+FyLrS4fNYPj1KJ/paPsgOx0nl26SJuriDGvlCYsPz0uiisvIYYE93sKPLjzMhnYMW0nJFzyOx5U3iIu2YP1mXyQfKsRXYafcMYg9GmFsq7dfca5Qi8jt8tLr0PI9vjCntbDEPfHIAPTf67ib7mnWp3cTHOR9KB3W/606m1h9oQlokipSQjeMJ/K/IbtQa67k1NtL3bSkJcjWe6WYctDlz69C9UTWmBsZKAv1TmtxoHIvYfHRaTpQS4uH2wdaH01HxSssLMgXorRnapsH0ifHtmWYG3m8V0yNzk3DgcbJSrNdU20COG2s9YNX35E= rafa@rp3\n",
                "username": "azureuser"
              }
            ],
            "admin_username": "azureuser",
            "allow_extension_operations": true,
            "availability_set_id": "",
            "boot_diagnostics": [],
            "capacity_reservation_group_id": "",
            "computer_name": "ctest27-uuizdp",
            "custom_data": null,
            "dedicated_host_group_id": "",
            "dedicated_host_id": "",
            "disable_password_authentication": true,
            "edge_zone": "",
            "encryption_at_host_enabled": false,
            "eviction_policy": "",
            "extensions_time_budget": "PT1H30M",
            "id": "/subscriptions/a1e01a15-61aa-4f25-aa66-6d6e8a913dc3/resourceGroups/rg-ctest27-dev-westeurope/providers/Microsoft.Compute/virtualMachines/vm-ctest27-dev-westeurope-1",
            "identity": [],
            "license_type": "",
            "location": "westeurope",
            "max_bid_price": -1,
            "name": "vm-ctest27-dev-westeurope-1",
            "network_interface_ids": [
              "/subscriptions/a1e01a15-61aa-4f25-aa66-6d6e8a913dc3/resourceGroups/rg-ctest27-dev-westeurope/providers/Microsoft.Network/networkInterfaces/nic-ctest27-dev-westeurope-1"
            ],
            "os_disk": [
              {
                "caching": "ReadWrite",
                "diff_disk_settings": [],
                "disk_encryption_set_id": "",
                "disk_size_gb": 30,
                "name": "osd-ctest27-dev-westeurope-1",
                "secure_vm_disk_encryption_set_id": "",
                "security_encryption_type": "",
                "storage_account_type": "Standard_LRS",
                "write_accelerator_enabled": false
              }
            ],
            "patch_mode": "ImageDefault",
            "plan": [],
            "platform_fault_domain": -1,
            "priority": "Regular",
            "private_ip_address": "10.0.1.6",
            "private_ip_addresses": [
              "10.0.1.6"
            ],
            "provision_vm_agent": true,
            "proximity_placement_group_id": "",
            "public_ip_address": "20.16.0.92",
            "public_ip_addresses": [
              "20.16.0.92"
            ],
            "resource_group_name": "rg-ctest27-dev-westeurope",
            "secret": [],
            "secure_boot_enabled": false,
            "size": "Standard_DS1_v2",
            "source_image_id": "",
            "source_image_reference": [
              {
                "offer": "UbuntuServer",
                "publisher": "Canonical",
                "sku": "18.04-LTS",
                "version": "latest"
              }
            ],
            "tags": {
              "ApplicationName": "ctest27",
              "CostCenter": "PI-31416",
              "Env": "dev",
              "Source": "terraform"
            },
            "termination_notification": [],
            "timeouts": null,
            "user_data": "",
            "virtual_machine_id": "cac90b8c-6027-4730-bb85-e7b70e74e90d",
            "virtual_machine_scale_set_id": "",
            "vtpm_enabled": false,
            "zone": ""
          },
          "sensitive_attributes": [],
          "private": "eyJlMmJmYjczMC1lY2FhLTExZTYtOGY4OC0zNDM2M2JjN2M0YzAiOnsiY3JlYXRlIjoyNzAwMDAwMDAwMDAwLCJkZWxldGUiOjI3MDAwMDAwMDAwMDAsInJlYWQiOjMwMDAwMDAwMDAwMCwidXBkYXRlIjoyNzAwMDAwMDAwMDAwfX0=",
          "dependencies": [
            "azurerm_network_interface.tfub_nic",
            "azurerm_network_interface_security_group_association.example",
            "azurerm_network_security_group.tfub_nsg",
            "azurerm_public_ip.tfub_publicip",
            "azurerm_resource_group.rg",
            "azurerm_subnet.tfub_subnet",
            "azurerm_virtual_network.tfub_network",
            "random_string.rnd"
          ]
        },
        {
          "index_key": 2,
          "schema_version": 0,
          "attributes": {
            "additional_capabilities": [],
            "admin_password": null,
            "admin_ssh_key": [
              {
                "public_key": "ssh-rsa AAAAB3NzaC1yc2EAAAADAQABAAABgQCU0lWQ2MFIxr5xpHRKEzdOK1ZL5Q0/7O6UWraGrYEWIVGMH7ho/tOfF99ZdKK6VZ9T/jvnphrUrDE4JUMHoQIpHfIYJhUxqR9yGGxm7zTa1DR17t/0n42+kk+LsaoQZU7pYtoqBLu1OtZe8oweHs0HmoMP4wNbQ83O0TJBI1beSCin3TdHStO3+C0svKQG6YlsXEM+FyLrS4fNYPj1KJ/paPsgOx0nl26SJuriDGvlCYsPz0uiisvIYYE93sKPLjzMhnYMW0nJFzyOx5U3iIu2YP1mXyQfKsRXYafcMYg9GmFsq7dfca5Qi8jt8tLr0PI9vjCntbDEPfHIAPTf67ib7mnWp3cTHOR9KB3W/606m1h9oQlokipSQjeMJ/K/IbtQa67k1NtL3bSkJcjWe6WYctDlz69C9UTWmBsZKAv1TmtxoHIvYfHRaTpQS4uH2wdaH01HxSssLMgXorRnapsH0ifHtmWYG3m8V0yNzk3DgcbJSrNdU20COG2s9YNX35E= rafa@rp3\n",
                "username": "azureuser"
              }
            ],
            "admin_username": "azureuser",
            "allow_extension_operations": true,
            "availability_set_id": "",
            "boot_diagnostics": [],
            "capacity_reservation_group_id": "",
            "computer_name": "ctest27-uuizdp",
            "custom_data": null,
            "dedicated_host_group_id": "",
            "dedicated_host_id": "",
            "disable_password_authentication": true,
            "edge_zone": "",
            "encryption_at_host_enabled": false,
            "eviction_policy": "",
            "extensions_time_budget": "PT1H30M",
            "id": "/subscriptions/a1e01a15-61aa-4f25-aa66-6d6e8a913dc3/resourceGroups/rg-ctest27-dev-westeurope/providers/Microsoft.Compute/virtualMachines/vm-ctest27-dev-westeurope-2",
            "identity": [],
            "license_type": "",
            "location": "westeurope",
            "max_bid_price": -1,
            "name": "vm-ctest27-dev-westeurope-2",
            "network_interface_ids": [
              "/subscriptions/a1e01a15-61aa-4f25-aa66-6d6e8a913dc3/resourceGroups/rg-ctest27-dev-westeurope/providers/Microsoft.Network/networkInterfaces/nic-ctest27-dev-westeurope-2"
            ],
            "os_disk": [
              {
                "caching": "ReadWrite",
                "diff_disk_settings": [],
                "disk_encryption_set_id": "",
                "disk_size_gb": 30,
                "name": "osd-ctest27-dev-westeurope-2",
                "secure_vm_disk_encryption_set_id": "",
                "security_encryption_type": "",
                "storage_account_type": "Standard_LRS",
                "write_accelerator_enabled": false
              }
            ],
            "patch_mode": "ImageDefault",
            "plan": [],
            "platform_fault_domain": -1,
            "priority": "Regular",
            "private_ip_address": "10.0.1.5",
            "private_ip_addresses": [
              "10.0.1.5"
            ],
            "provision_vm_agent": true,
            "proximity_placement_group_id": "",
            "public_ip_address": "20.16.0.211",
            "public_ip_addresses": [
              "20.16.0.211"
            ],
            "resource_group_name": "rg-ctest27-dev-westeurope",
            "secret": [],
            "secure_boot_enabled": false,
            "size": "Standard_DS1_v2",
            "source_image_id": "",
            "source_image_reference": [
              {
                "offer": "UbuntuServer",
                "publisher": "Canonical",
                "sku": "18.04-LTS",
                "version": "latest"
              }
            ],
            "tags": {
              "ApplicationName": "ctest27",
              "CostCenter": "PI-31416",
              "Env": "dev",
              "Source": "terraform"
            },
            "termination_notification": [],
            "timeouts": null,
            "user_data": "",
            "virtual_machine_id": "b0384c0e-dda7-4b7b-9971-1c349eea8438",
            "virtual_machine_scale_set_id": "",
            "vtpm_enabled": false,
            "zone": ""
          },
          "sensitive_attributes": [],
          "private": "eyJlMmJmYjczMC1lY2FhLTExZTYtOGY4OC0zNDM2M2JjN2M0YzAiOnsiY3JlYXRlIjoyNzAwMDAwMDAwMDAwLCJkZWxldGUiOjI3MDAwMDAwMDAwMDAsInJlYWQiOjMwMDAwMDAwMDAwMCwidXBkYXRlIjoyNzAwMDAwMDAwMDAwfX0=",
          "dependencies": [
            "azurerm_network_interface.tfub_nic",
            "azurerm_network_interface_security_group_association.example",
            "azurerm_network_security_group.tfub_nsg",
            "azurerm_public_ip.tfub_publicip",
            "azurerm_resource_group.rg",
            "azurerm_subnet.tfub_subnet",
            "azurerm_virtual_network.tfub_network",
            "random_string.rnd"
          ]
        }
      ]
    },
    {
      "mode": "managed",
      "type": "azurerm_network_interface",
      "name": "tfub_nic",
      "provider": "provider[\"registry.terraform.io/hashicorp/azurerm\"]",
      "instances": [
        {
          "index_key": 0,
          "schema_version": 0,
          "attributes": {
            "applied_dns_servers": [],
            "dns_servers": [],
            "edge_zone": "",
            "enable_accelerated_networking": false,
            "enable_ip_forwarding": false,
            "id": "/subscriptions/a1e01a15-61aa-4f25-aa66-6d6e8a913dc3/resourceGroups/rg-ctest27-dev-westeurope/providers/Microsoft.Network/networkInterfaces/nic-ctest27-dev-westeurope-0",
            "internal_dns_name_label": "",
            "internal_domain_name_suffix": "00jjtiwvpnaela2da2u1pbtyec.ax.internal.cloudapp.net",
            "ip_configuration": [
              {
                "gateway_load_balancer_frontend_ip_configuration_id": "",
                "name": "NicConfig",
                "primary": true,
                "private_ip_address": "10.0.1.4",
                "private_ip_address_allocation": "Dynamic",
                "private_ip_address_version": "IPv4",
                "public_ip_address_id": "/subscriptions/a1e01a15-61aa-4f25-aa66-6d6e8a913dc3/resourceGroups/rg-ctest27-dev-westeurope/providers/Microsoft.Network/publicIPAddresses/pip-ctest27-dev-westeurope-0",
                "subnet_id": "/subscriptions/a1e01a15-61aa-4f25-aa66-6d6e8a913dc3/resourceGroups/rg-ctest27-dev-westeurope/providers/Microsoft.Network/virtualNetworks/vnet-ctest27-dev-westeurope/subnets/snet-ctest27-dev-westeurope"
              }
            ],
            "location": "westeurope",
            "mac_address": "00-0D-3A-BB-37-37",
            "name": "nic-ctest27-dev-westeurope-0",
            "private_ip_address": "10.0.1.4",
            "private_ip_addresses": [
              "10.0.1.4"
            ],
            "resource_group_name": "rg-ctest27-dev-westeurope",
            "tags": {
              "ApplicationName": "ctest27",
              "CostCenter": "PI-31416",
              "Env": "dev",
              "Source": "terraform"
            },
            "timeouts": null,
            "virtual_machine_id": "/subscriptions/a1e01a15-61aa-4f25-aa66-6d6e8a913dc3/resourceGroups/rg-ctest27-dev-westeurope/providers/Microsoft.Compute/virtualMachines/vm-ctest27-dev-westeurope-0"
          },
          "sensitive_attributes": [],
          "private": "eyJlMmJmYjczMC1lY2FhLTExZTYtOGY4OC0zNDM2M2JjN2M0YzAiOnsiY3JlYXRlIjoxODAwMDAwMDAwMDAwLCJkZWxldGUiOjE4MDAwMDAwMDAwMDAsInJlYWQiOjMwMDAwMDAwMDAwMCwidXBkYXRlIjoxODAwMDAwMDAwMDAwfX0=",
          "dependencies": [
            "azurerm_public_ip.tfub_publicip",
            "azurerm_resource_group.rg",
            "azurerm_subnet.tfub_subnet",
            "azurerm_virtual_network.tfub_network",
            "random_string.rnd"
          ]
        },
        {
          "index_key": 1,
          "schema_version": 0,
          "attributes": {
            "applied_dns_servers": [],
            "dns_servers": [],
            "edge_zone": "",
            "enable_accelerated_networking": false,
            "enable_ip_forwarding": false,
            "id": "/subscriptions/a1e01a15-61aa-4f25-aa66-6d6e8a913dc3/resourceGroups/rg-ctest27-dev-westeurope/providers/Microsoft.Network/networkInterfaces/nic-ctest27-dev-westeurope-1",
            "internal_dns_name_label": "",
            "internal_domain_name_suffix": "00jjtiwvpnaela2da2u1pbtyec.ax.internal.cloudapp.net",
            "ip_configuration": [
              {
                "gateway_load_balancer_frontend_ip_configuration_id": "",
                "name": "NicConfig",
                "primary": true,
                "private_ip_address": "10.0.1.6",
                "private_ip_address_allocation": "Dynamic",
                "private_ip_address_version": "IPv4",
                "public_ip_address_id": "/subscriptions/a1e01a15-61aa-4f25-aa66-6d6e8a913dc3/resourceGroups/rg-ctest27-dev-westeurope/providers/Microsoft.Network/publicIPAddresses/pip-ctest27-dev-westeurope-1",
                "subnet_id": "/subscriptions/a1e01a15-61aa-4f25-aa66-6d6e8a913dc3/resourceGroups/rg-ctest27-dev-westeurope/providers/Microsoft.Network/virtualNetworks/vnet-ctest27-dev-westeurope/subnets/snet-ctest27-dev-westeurope"
              }
            ],
            "location": "westeurope",
            "mac_address": "00-0D-3A-AB-12-93",
            "name": "nic-ctest27-dev-westeurope-1",
            "private_ip_address": "10.0.1.6",
            "private_ip_addresses": [
              "10.0.1.6"
            ],
            "resource_group_name": "rg-ctest27-dev-westeurope",
            "tags": {
              "ApplicationName": "ctest27",
              "CostCenter": "PI-31416",
              "Env": "dev",
              "Source": "terraform"
            },
            "timeouts": null,
            "virtual_machine_id": "/subscriptions/a1e01a15-61aa-4f25-aa66-6d6e8a913dc3/resourceGroups/rg-ctest27-dev-westeurope/providers/Microsoft.Compute/virtualMachines/vm-ctest27-dev-westeurope-1"
          },
          "sensitive_attributes": [],
          "private": "eyJlMmJmYjczMC1lY2FhLTExZTYtOGY4OC0zNDM2M2JjN2M0YzAiOnsiY3JlYXRlIjoxODAwMDAwMDAwMDAwLCJkZWxldGUiOjE4MDAwMDAwMDAwMDAsInJlYWQiOjMwMDAwMDAwMDAwMCwidXBkYXRlIjoxODAwMDAwMDAwMDAwfX0=",
          "dependencies": [
            "azurerm_public_ip.tfub_publicip",
            "azurerm_resource_group.rg",
            "azurerm_subnet.tfub_subnet",
            "azurerm_virtual_network.tfub_network",
            "random_string.rnd"
          ]
        },
        {
          "index_key": 2,
          "schema_version": 0,
          "attributes": {
            "applied_dns_servers": [],
            "dns_servers": [],
            "edge_zone": "",
            "enable_accelerated_networking": false,
            "enable_ip_forwarding": false,
            "id": "/subscriptions/a1e01a15-61aa-4f25-aa66-6d6e8a913dc3/resourceGroups/rg-ctest27-dev-westeurope/providers/Microsoft.Network/networkInterfaces/nic-ctest27-dev-westeurope-2",
            "internal_dns_name_label": "",
            "internal_domain_name_suffix": "00jjtiwvpnaela2da2u1pbtyec.ax.internal.cloudapp.net",
            "ip_configuration": [
              {
                "gateway_load_balancer_frontend_ip_configuration_id": "",
                "name": "NicConfig",
                "primary": true,
                "private_ip_address": "10.0.1.5",
                "private_ip_address_allocation": "Dynamic",
                "private_ip_address_version": "IPv4",
                "public_ip_address_id": "/subscriptions/a1e01a15-61aa-4f25-aa66-6d6e8a913dc3/resourceGroups/rg-ctest27-dev-westeurope/providers/Microsoft.Network/publicIPAddresses/pip-ctest27-dev-westeurope-2",
                "subnet_id": "/subscriptions/a1e01a15-61aa-4f25-aa66-6d6e8a913dc3/resourceGroups/rg-ctest27-dev-westeurope/providers/Microsoft.Network/virtualNetworks/vnet-ctest27-dev-westeurope/subnets/snet-ctest27-dev-westeurope"
              }
            ],
            "location": "westeurope",
            "mac_address": "00-0D-3A-BC-1A-BB",
            "name": "nic-ctest27-dev-westeurope-2",
            "private_ip_address": "10.0.1.5",
            "private_ip_addresses": [
              "10.0.1.5"
            ],
            "resource_group_name": "rg-ctest27-dev-westeurope",
            "tags": {
              "ApplicationName": "ctest27",
              "CostCenter": "PI-31416",
              "Env": "dev",
              "Source": "terraform"
            },
            "timeouts": null,
            "virtual_machine_id": "/subscriptions/a1e01a15-61aa-4f25-aa66-6d6e8a913dc3/resourceGroups/rg-ctest27-dev-westeurope/providers/Microsoft.Compute/virtualMachines/vm-ctest27-dev-westeurope-2"
          },
          "sensitive_attributes": [],
          "private": "eyJlMmJmYjczMC1lY2FhLTExZTYtOGY4OC0zNDM2M2JjN2M0YzAiOnsiY3JlYXRlIjoxODAwMDAwMDAwMDAwLCJkZWxldGUiOjE4MDAwMDAwMDAwMDAsInJlYWQiOjMwMDAwMDAwMDAwMCwidXBkYXRlIjoxODAwMDAwMDAwMDAwfX0=",
          "dependencies": [
            "azurerm_public_ip.tfub_publicip",
            "azurerm_resource_group.rg",
            "azurerm_subnet.tfub_subnet",
            "azurerm_virtual_network.tfub_network",
            "random_string.rnd"
          ]
        }
      ]
    },
    {
      "mode": "managed",
      "type": "azurerm_network_interface_security_group_association",
      "name": "example",
      "provider": "provider[\"registry.terraform.io/hashicorp/azurerm\"]",
      "instances": [
        {
          "index_key": 0,
          "schema_version": 0,
          "attributes": {
            "id": "/subscriptions/a1e01a15-61aa-4f25-aa66-6d6e8a913dc3/resourceGroups/rg-ctest27-dev-westeurope/providers/Microsoft.Network/networkInterfaces/nic-ctest27-dev-westeurope-0|/subscriptions/a1e01a15-61aa-4f25-aa66-6d6e8a913dc3/resourceGroups/rg-ctest27-dev-westeurope/providers/Microsoft.Network/networkSecurityGroups/nsg-ctest27-dev-westeurope",
            "network_interface_id": "/subscriptions/a1e01a15-61aa-4f25-aa66-6d6e8a913dc3/resourceGroups/rg-ctest27-dev-westeurope/providers/Microsoft.Network/networkInterfaces/nic-ctest27-dev-westeurope-0",
            "network_security_group_id": "/subscriptions/a1e01a15-61aa-4f25-aa66-6d6e8a913dc3/resourceGroups/rg-ctest27-dev-westeurope/providers/Microsoft.Network/networkSecurityGroups/nsg-ctest27-dev-westeurope",
            "timeouts": null
          },
          "sensitive_attributes": [],
          "private": "eyJlMmJmYjczMC1lY2FhLTExZTYtOGY4OC0zNDM2M2JjN2M0YzAiOnsiY3JlYXRlIjoxODAwMDAwMDAwMDAwLCJkZWxldGUiOjE4MDAwMDAwMDAwMDAsInJlYWQiOjMwMDAwMDAwMDAwMCwidXBkYXRlIjoxODAwMDAwMDAwMDAwfX0=",
          "dependencies": [
            "azurerm_network_interface.tfub_nic",
            "azurerm_network_security_group.tfub_nsg",
            "azurerm_public_ip.tfub_publicip",
            "azurerm_resource_group.rg",
            "azurerm_subnet.tfub_subnet",
            "azurerm_virtual_network.tfub_network",
            "random_string.rnd"
          ]
        },
        {
          "index_key": 1,
          "schema_version": 0,
          "attributes": {
            "id": "/subscriptions/a1e01a15-61aa-4f25-aa66-6d6e8a913dc3/resourceGroups/rg-ctest27-dev-westeurope/providers/Microsoft.Network/networkInterfaces/nic-ctest27-dev-westeurope-1|/subscriptions/a1e01a15-61aa-4f25-aa66-6d6e8a913dc3/resourceGroups/rg-ctest27-dev-westeurope/providers/Microsoft.Network/networkSecurityGroups/nsg-ctest27-dev-westeurope",
            "network_interface_id": "/subscriptions/a1e01a15-61aa-4f25-aa66-6d6e8a913dc3/resourceGroups/rg-ctest27-dev-westeurope/providers/Microsoft.Network/networkInterfaces/nic-ctest27-dev-westeurope-1",
            "network_security_group_id": "/subscriptions/a1e01a15-61aa-4f25-aa66-6d6e8a913dc3/resourceGroups/rg-ctest27-dev-westeurope/providers/Microsoft.Network/networkSecurityGroups/nsg-ctest27-dev-westeurope",
            "timeouts": null
          },
          "sensitive_attributes": [],
          "private": "eyJlMmJmYjczMC1lY2FhLTExZTYtOGY4OC0zNDM2M2JjN2M0YzAiOnsiY3JlYXRlIjoxODAwMDAwMDAwMDAwLCJkZWxldGUiOjE4MDAwMDAwMDAwMDAsInJlYWQiOjMwMDAwMDAwMDAwMCwidXBkYXRlIjoxODAwMDAwMDAwMDAwfX0=",
          "dependencies": [
            "azurerm_network_interface.tfub_nic",
            "azurerm_network_security_group.tfub_nsg",
            "azurerm_public_ip.tfub_publicip",
            "azurerm_resource_group.rg",
            "azurerm_subnet.tfub_subnet",
            "azurerm_virtual_network.tfub_network",
            "random_string.rnd"
          ]
        },
        {
          "index_key": 2,
          "schema_version": 0,
          "attributes": {
            "id": "/subscriptions/a1e01a15-61aa-4f25-aa66-6d6e8a913dc3/resourceGroups/rg-ctest27-dev-westeurope/providers/Microsoft.Network/networkInterfaces/nic-ctest27-dev-westeurope-2|/subscriptions/a1e01a15-61aa-4f25-aa66-6d6e8a913dc3/resourceGroups/rg-ctest27-dev-westeurope/providers/Microsoft.Network/networkSecurityGroups/nsg-ctest27-dev-westeurope",
            "network_interface_id": "/subscriptions/a1e01a15-61aa-4f25-aa66-6d6e8a913dc3/resourceGroups/rg-ctest27-dev-westeurope/providers/Microsoft.Network/networkInterfaces/nic-ctest27-dev-westeurope-2",
            "network_security_group_id": "/subscriptions/a1e01a15-61aa-4f25-aa66-6d6e8a913dc3/resourceGroups/rg-ctest27-dev-westeurope/providers/Microsoft.Network/networkSecurityGroups/nsg-ctest27-dev-westeurope",
            "timeouts": null
          },
          "sensitive_attributes": [],
          "private": "eyJlMmJmYjczMC1lY2FhLTExZTYtOGY4OC0zNDM2M2JjN2M0YzAiOnsiY3JlYXRlIjoxODAwMDAwMDAwMDAwLCJkZWxldGUiOjE4MDAwMDAwMDAwMDAsInJlYWQiOjMwMDAwMDAwMDAwMCwidXBkYXRlIjoxODAwMDAwMDAwMDAwfX0=",
          "dependencies": [
            "azurerm_network_interface.tfub_nic",
            "azurerm_network_security_group.tfub_nsg",
            "azurerm_public_ip.tfub_publicip",
            "azurerm_resource_group.rg",
            "azurerm_subnet.tfub_subnet",
            "azurerm_virtual_network.tfub_network",
            "random_string.rnd"
          ]
        }
      ]
    },
    {
      "mode": "managed",
      "type": "azurerm_network_security_group",
      "name": "tfub_nsg",
      "provider": "provider[\"registry.terraform.io/hashicorp/azurerm\"]",
      "instances": [
        {
          "schema_version": 0,
          "attributes": {
            "id": "/subscriptions/a1e01a15-61aa-4f25-aa66-6d6e8a913dc3/resourceGroups/rg-ctest27-dev-westeurope/providers/Microsoft.Network/networkSecurityGroups/nsg-ctest27-dev-westeurope",
            "location": "westeurope",
            "name": "nsg-ctest27-dev-westeurope",
            "resource_group_name": "rg-ctest27-dev-westeurope",
            "security_rule": [
              {
                "access": "Allow",
                "description": "",
                "destination_address_prefix": "*",
                "destination_address_prefixes": [],
                "destination_application_security_group_ids": [],
                "destination_port_range": "*",
                "destination_port_ranges": [],
                "direction": "Inbound",
                "name": "nsgr-icmp",
                "priority": 1102,
                "protocol": "Icmp",
                "source_address_prefix": "*",
                "source_address_prefixes": [],
                "source_application_security_group_ids": [],
                "source_port_range": "*",
                "source_port_ranges": []
              },
              {
                "access": "Allow",
                "description": "",
                "destination_address_prefix": "*",
                "destination_address_prefixes": [],
                "destination_application_security_group_ids": [],
                "destination_port_range": "22",
                "destination_port_ranges": [],
                "direction": "Inbound",
                "name": "nsgr-SSH",
                "priority": 1002,
                "protocol": "Tcp",
                "source_address_prefix": "*",
                "source_address_prefixes": [],
                "source_application_security_group_ids": [],
                "source_port_range": "*",
                "source_port_ranges": []
              }
            ],
            "tags": {
              "ApplicationName": "ctest27",
              "CostCenter": "PI-31416",
              "Env": "dev",
              "Source": "terraform"
            },
            "timeouts": null
          },
          "sensitive_attributes": [],
          "private": "eyJlMmJmYjczMC1lY2FhLTExZTYtOGY4OC0zNDM2M2JjN2M0YzAiOnsiY3JlYXRlIjoxODAwMDAwMDAwMDAwLCJkZWxldGUiOjE4MDAwMDAwMDAwMDAsInJlYWQiOjMwMDAwMDAwMDAwMCwidXBkYXRlIjoxODAwMDAwMDAwMDAwfX0=",
          "dependencies": [
            "azurerm_resource_group.rg"
          ]
        }
      ]
    },
    {
      "mode": "managed",
      "type": "azurerm_network_security_rule",
      "name": "icmp",
      "provider": "provider[\"registry.terraform.io/hashicorp/azurerm\"]",
      "instances": [
        {
          "schema_version": 0,
          "attributes": {
            "access": "Allow",
            "description": "",
            "destination_address_prefix": "*",
            "destination_address_prefixes": [],
            "destination_application_security_group_ids": [],
            "destination_port_range": "*",
            "destination_port_ranges": [],
            "direction": "Inbound",
            "id": "/subscriptions/a1e01a15-61aa-4f25-aa66-6d6e8a913dc3/resourceGroups/rg-ctest27-dev-westeurope/providers/Microsoft.Network/networkSecurityGroups/nsg-ctest27-dev-westeurope/securityRules/nsgr-icmp",
            "name": "nsgr-icmp",
            "network_security_group_name": "nsg-ctest27-dev-westeurope",
            "priority": 1102,
            "protocol": "Icmp",
            "resource_group_name": "rg-ctest27-dev-westeurope",
            "source_address_prefix": "*",
            "source_address_prefixes": [],
            "source_application_security_group_ids": [],
            "source_port_range": "*",
            "source_port_ranges": [],
            "timeouts": null
          },
          "sensitive_attributes": [],
          "private": "eyJlMmJmYjczMC1lY2FhLTExZTYtOGY4OC0zNDM2M2JjN2M0YzAiOnsiY3JlYXRlIjoxODAwMDAwMDAwMDAwLCJkZWxldGUiOjE4MDAwMDAwMDAwMDAsInJlYWQiOjMwMDAwMDAwMDAwMCwidXBkYXRlIjoxODAwMDAwMDAwMDAwfX0=",
          "dependencies": [
            "azurerm_network_security_group.tfub_nsg",
            "azurerm_resource_group.rg"
          ]
        }
      ]
    },
    {
      "mode": "managed",
      "type": "azurerm_network_security_rule",
      "name": "ssh",
      "provider": "provider[\"registry.terraform.io/hashicorp/azurerm\"]",
      "instances": [
        {
          "schema_version": 0,
          "attributes": {
            "access": "Allow",
            "description": "",
            "destination_address_prefix": "*",
            "destination_address_prefixes": [],
            "destination_application_security_group_ids": [],
            "destination_port_range": "22",
            "destination_port_ranges": [],
            "direction": "Inbound",
            "id": "/subscriptions/a1e01a15-61aa-4f25-aa66-6d6e8a913dc3/resourceGroups/rg-ctest27-dev-westeurope/providers/Microsoft.Network/networkSecurityGroups/nsg-ctest27-dev-westeurope/securityRules/nsgr-SSH",
            "name": "nsgr-SSH",
            "network_security_group_name": "nsg-ctest27-dev-westeurope",
            "priority": 1002,
            "protocol": "Tcp",
            "resource_group_name": "rg-ctest27-dev-westeurope",
            "source_address_prefix": "*",
            "source_address_prefixes": [],
            "source_application_security_group_ids": [],
            "source_port_range": "*",
            "source_port_ranges": [],
            "timeouts": null
          },
          "sensitive_attributes": [],
          "private": "eyJlMmJmYjczMC1lY2FhLTExZTYtOGY4OC0zNDM2M2JjN2M0YzAiOnsiY3JlYXRlIjoxODAwMDAwMDAwMDAwLCJkZWxldGUiOjE4MDAwMDAwMDAwMDAsInJlYWQiOjMwMDAwMDAwMDAwMCwidXBkYXRlIjoxODAwMDAwMDAwMDAwfX0=",
          "dependencies": [
            "azurerm_network_security_group.tfub_nsg",
            "azurerm_resource_group.rg"
          ]
        }
      ]
    },
    {
      "mode": "managed",
      "type": "azurerm_public_ip",
      "name": "tfub_publicip",
      "provider": "provider[\"registry.terraform.io/hashicorp/azurerm\"]",
      "instances": [
        {
          "index_key": 0,
          "schema_version": 0,
          "attributes": {
            "allocation_method": "Dynamic",
            "domain_name_label": "ctest27-uuizdp-0",
            "edge_zone": "",
            "fqdn": "ctest27-uuizdp-0.westeurope.cloudapp.azure.com",
            "id": "/subscriptions/a1e01a15-61aa-4f25-aa66-6d6e8a913dc3/resourceGroups/rg-ctest27-dev-westeurope/providers/Microsoft.Network/publicIPAddresses/pip-ctest27-dev-westeurope-0",
            "idle_timeout_in_minutes": 4,
            "ip_address": "20.16.0.100",
            "ip_tags": {},
            "ip_version": "IPv4",
            "location": "westeurope",
            "name": "pip-ctest27-dev-westeurope-0",
            "public_ip_prefix_id": null,
            "resource_group_name": "rg-ctest27-dev-westeurope",
            "reverse_fqdn": "",
            "sku": "Basic",
            "sku_tier": "Regional",
            "tags": {
              "ApplicationName": "ctest27",
              "CostCenter": "PI-31416",
              "Env": "dev",
              "Source": "terraform"
            },
            "timeouts": null,
            "zones": []
          },
          "sensitive_attributes": [],
          "private": "eyJlMmJmYjczMC1lY2FhLTExZTYtOGY4OC0zNDM2M2JjN2M0YzAiOnsiY3JlYXRlIjoxODAwMDAwMDAwMDAwLCJkZWxldGUiOjE4MDAwMDAwMDAwMDAsInJlYWQiOjMwMDAwMDAwMDAwMCwidXBkYXRlIjoxODAwMDAwMDAwMDAwfX0=",
          "dependencies": [
            "azurerm_resource_group.rg",
            "random_string.rnd"
          ]
        },
        {
          "index_key": 1,
          "schema_version": 0,
          "attributes": {
            "allocation_method": "Dynamic",
            "domain_name_label": "ctest27-uuizdp-1",
            "edge_zone": "",
            "fqdn": "ctest27-uuizdp-1.westeurope.cloudapp.azure.com",
            "id": "/subscriptions/a1e01a15-61aa-4f25-aa66-6d6e8a913dc3/resourceGroups/rg-ctest27-dev-westeurope/providers/Microsoft.Network/publicIPAddresses/pip-ctest27-dev-westeurope-1",
            "idle_timeout_in_minutes": 4,
            "ip_address": "20.16.0.92",
            "ip_tags": {},
            "ip_version": "IPv4",
            "location": "westeurope",
            "name": "pip-ctest27-dev-westeurope-1",
            "public_ip_prefix_id": null,
            "resource_group_name": "rg-ctest27-dev-westeurope",
            "reverse_fqdn": "",
            "sku": "Basic",
            "sku_tier": "Regional",
            "tags": {
              "ApplicationName": "ctest27",
              "CostCenter": "PI-31416",
              "Env": "dev",
              "Source": "terraform"
            },
            "timeouts": null,
            "zones": []
          },
          "sensitive_attributes": [],
          "private": "eyJlMmJmYjczMC1lY2FhLTExZTYtOGY4OC0zNDM2M2JjN2M0YzAiOnsiY3JlYXRlIjoxODAwMDAwMDAwMDAwLCJkZWxldGUiOjE4MDAwMDAwMDAwMDAsInJlYWQiOjMwMDAwMDAwMDAwMCwidXBkYXRlIjoxODAwMDAwMDAwMDAwfX0=",
          "dependencies": [
            "azurerm_resource_group.rg",
            "random_string.rnd"
          ]
        },
        {
          "index_key": 2,
          "schema_version": 0,
          "attributes": {
            "allocation_method": "Dynamic",
            "domain_name_label": "ctest27-uuizdp-2",
            "edge_zone": "",
            "fqdn": "ctest27-uuizdp-2.westeurope.cloudapp.azure.com",
            "id": "/subscriptions/a1e01a15-61aa-4f25-aa66-6d6e8a913dc3/resourceGroups/rg-ctest27-dev-westeurope/providers/Microsoft.Network/publicIPAddresses/pip-ctest27-dev-westeurope-2",
            "idle_timeout_in_minutes": 4,
            "ip_address": "20.16.0.211",
            "ip_tags": {},
            "ip_version": "IPv4",
            "location": "westeurope",
            "name": "pip-ctest27-dev-westeurope-2",
            "public_ip_prefix_id": null,
            "resource_group_name": "rg-ctest27-dev-westeurope",
            "reverse_fqdn": "",
            "sku": "Basic",
            "sku_tier": "Regional",
            "tags": {
              "ApplicationName": "ctest27",
              "CostCenter": "PI-31416",
              "Env": "dev",
              "Source": "terraform"
            },
            "timeouts": null,
            "zones": []
          },
          "sensitive_attributes": [],
          "private": "eyJlMmJmYjczMC1lY2FhLTExZTYtOGY4OC0zNDM2M2JjN2M0YzAiOnsiY3JlYXRlIjoxODAwMDAwMDAwMDAwLCJkZWxldGUiOjE4MDAwMDAwMDAwMDAsInJlYWQiOjMwMDAwMDAwMDAwMCwidXBkYXRlIjoxODAwMDAwMDAwMDAwfX0=",
          "dependencies": [
            "azurerm_resource_group.rg",
            "random_string.rnd"
          ]
        }
      ]
    },
    {
      "mode": "managed",
      "type": "azurerm_resource_group",
      "name": "rg",
      "provider": "provider[\"registry.terraform.io/hashicorp/azurerm\"]",
      "instances": [
        {
          "schema_version": 0,
          "attributes": {
            "id": "/subscriptions/a1e01a15-61aa-4f25-aa66-6d6e8a913dc3/resourceGroups/rg-ctest27-dev-westeurope",
            "location": "westeurope",
            "name": "rg-ctest27-dev-westeurope",
            "tags": {
              "ApplicationName": "ctest27",
              "CostCenter": "PI-31416",
              "Env": "dev",
              "Source": "terraform"
            },
            "timeouts": null
          },
          "sensitive_attributes": [],
          "private": "eyJlMmJmYjczMC1lY2FhLTExZTYtOGY4OC0zNDM2M2JjN2M0YzAiOnsiY3JlYXRlIjo1NDAwMDAwMDAwMDAwLCJkZWxldGUiOjU0MDAwMDAwMDAwMDAsInJlYWQiOjMwMDAwMDAwMDAwMCwidXBkYXRlIjo1NDAwMDAwMDAwMDAwfX0="
        }
      ]
    },
    {
      "mode": "managed",
      "type": "azurerm_subnet",
      "name": "tfub_subnet",
      "provider": "provider[\"registry.terraform.io/hashicorp/azurerm\"]",
      "instances": [
        {
          "schema_version": 0,
          "attributes": {
            "address_prefixes": [
              "10.0.1.0/24"
            ],
            "delegation": [],
            "enforce_private_link_endpoint_network_policies": false,
            "enforce_private_link_service_network_policies": false,
            "id": "/subscriptions/a1e01a15-61aa-4f25-aa66-6d6e8a913dc3/resourceGroups/rg-ctest27-dev-westeurope/providers/Microsoft.Network/virtualNetworks/vnet-ctest27-dev-westeurope/subnets/snet-ctest27-dev-westeurope",
            "name": "snet-ctest27-dev-westeurope",
            "private_endpoint_network_policies_enabled": true,
            "private_link_service_network_policies_enabled": true,
            "resource_group_name": "rg-ctest27-dev-westeurope",
            "service_endpoint_policy_ids": [],
            "service_endpoints": [],
            "timeouts": null,
            "virtual_network_name": "vnet-ctest27-dev-westeurope"
          },
          "sensitive_attributes": [],
          "private": "eyJlMmJmYjczMC1lY2FhLTExZTYtOGY4OC0zNDM2M2JjN2M0YzAiOnsiY3JlYXRlIjoxODAwMDAwMDAwMDAwLCJkZWxldGUiOjE4MDAwMDAwMDAwMDAsInJlYWQiOjMwMDAwMDAwMDAwMCwidXBkYXRlIjoxODAwMDAwMDAwMDAwfX0=",
          "dependencies": [
            "azurerm_resource_group.rg",
            "azurerm_virtual_network.tfub_network"
          ]
        }
      ]
    },
    {
      "mode": "managed",
      "type": "azurerm_virtual_network",
      "name": "tfub_network",
      "provider": "provider[\"registry.terraform.io/hashicorp/azurerm\"]",
      "instances": [
        {
          "schema_version": 0,
          "attributes": {
            "address_space": [
              "10.0.0.0/16"
            ],
            "bgp_community": "",
            "ddos_protection_plan": [],
            "dns_servers": [],
            "edge_zone": "",
            "flow_timeout_in_minutes": 0,
            "guid": "a29992d6-7bd5-4540-8383-0729b7867822",
            "id": "/subscriptions/a1e01a15-61aa-4f25-aa66-6d6e8a913dc3/resourceGroups/rg-ctest27-dev-westeurope/providers/Microsoft.Network/virtualNetworks/vnet-ctest27-dev-westeurope",
            "location": "westeurope",
            "name": "vnet-ctest27-dev-westeurope",
            "resource_group_name": "rg-ctest27-dev-westeurope",
            "subnet": [
              {
                "address_prefix": "10.0.1.0/24",
                "id": "/subscriptions/a1e01a15-61aa-4f25-aa66-6d6e8a913dc3/resourceGroups/rg-ctest27-dev-westeurope/providers/Microsoft.Network/virtualNetworks/vnet-ctest27-dev-westeurope/subnets/snet-ctest27-dev-westeurope",
                "name": "snet-ctest27-dev-westeurope",
                "security_group": ""
              }
            ],
            "tags": {
              "ApplicationName": "ctest27",
              "CostCenter": "PI-31416",
              "Env": "dev",
              "Source": "terraform"
            },
            "timeouts": null
          },
          "sensitive_attributes": [],
          "private": "eyJlMmJmYjczMC1lY2FhLTExZTYtOGY4OC0zNDM2M2JjN2M0YzAiOnsiY3JlYXRlIjoxODAwMDAwMDAwMDAwLCJkZWxldGUiOjE4MDAwMDAwMDAwMDAsInJlYWQiOjMwMDAwMDAwMDAwMCwidXBkYXRlIjoxODAwMDAwMDAwMDAwfX0=",
          "dependencies": [
            "azurerm_resource_group.rg"
          ]
        }
      ]
    },
    {
      "mode": "managed",
      "type": "local_file",
      "name": "ansible_hosts_inline",
      "provider": "provider[\"registry.terraform.io/hashicorp/local\"]",
      "instances": [
        {
          "index_key": 0,
          "schema_version": 0,
          "attributes": {
            "content": "# ansible hosts test - generated by terraform from VM info\n[az_ubuntu]\n    server-0 ansible_host=ctest27-uuizdp-0.westeurope.cloudapp.azure.com\n    server-1 ansible_host=ctest27-uuizdp-1.westeurope.cloudapp.azure.com\n    server-2 ansible_host=ctest27-uuizdp-2.westeurope.cloudapp.azure.com\n\n\n[amz_linux:vars]\nansible_user=azureuser\n\n[aws_servers:children]\n[az_ubuntu]\n",
            "content_base64": null,
            "directory_permission": "0644",
            "file_permission": "0644",
            "filename": "./ansible/ansible_hosts",
            "id": "134b90e301291abb62893c68ba94797cad5055a4",
            "sensitive_content": null,
            "source": null
          },
          "sensitive_attributes": [],
          "private": "bnVsbA==",
          "dependencies": [
            "azurerm_public_ip.tfub_publicip",
            "azurerm_resource_group.rg",
            "random_string.rnd"
          ]
        }
      ]
    },
    {
      "mode": "managed",
      "type": "local_file",
      "name": "foo",
      "provider": "provider[\"registry.terraform.io/hashicorp/local\"]",
      "instances": [
        {
          "schema_version": 0,
          "attributes": {
            "content": "foo!",
            "content_base64": null,
            "directory_permission": "0777",
            "file_permission": "0777",
            "filename": "./foo.bar",
            "id": "4bf3e335199107182c6f7638efaad377acc7f452",
            "sensitive_content": null,
            "source": null
          },
          "sensitive_attributes": [],
          "private": "bnVsbA=="
        }
      ]
    },
    {
      "mode": "managed",
      "type": "random_string",
      "name": "rnd",
      "provider": "provider[\"registry.terraform.io/hashicorp/random\"]",
      "instances": [
        {
          "schema_version": 2,
          "attributes": {
            "id": "uuizdp",
            "keepers": null,
            "length": 6,
            "lower": true,
            "min_lower": 0,
            "min_numeric": 0,
            "min_special": 0,
            "min_upper": 0,
            "number": false,
            "numeric": false,
            "override_special": null,
            "result": "uuizdp",
            "special": false,
            "upper": false
          },
          "sensitive_attributes": [],
          "private": "eyJzY2hlbWFfdmVyc2lvbiI6IjIifQ=="
        }
      ]
    }
  ]
}
